
Microsoft Visual Studio Solution File, Format Version 12.00
# Visual Studio Version 16
VisualStudioVersion = 16.0.30717.126
MinimumVisualStudioVersion = 10.0.40219.1
Project("{FAE04EC0-301F-11D3-BF4B-00C04F79EFBC}") = "KumysnayaFermaKursach", "KumysnayaFermaKursach\KumysnayaFermaKursach.csproj", "{B1A92840-120A-4E8F-94B5-4DD740D90CB7}"
EndProject
Project("{FAE04EC0-301F-11D3-BF4B-00C04F79EFBC}") = "FermaCore", "FermaCore\FermaCore.csproj", "{FEFB13DB-4800-4A69-B304-D273EBF109A8}"
EndProject
Project("{FAE04EC0-301F-11D3-BF4B-00C04F79EFBC}") = "KumysnayaFermaKursovaya", "KumysnayaFermaKursovaya\KumysnayaFermaKursovaya.csproj", "{AE450887-2EC9-4CD8-92FE-80B9DDB7A41E}"
EndProject
Global
	GlobalSection(SolutionConfigurationPlatforms) = preSolution
		Debug|Any CPU = Debug|Any CPU
		Release|Any CPU = Release|Any CPU
	EndGlobalSection
	GlobalSection(ProjectConfigurationPlatforms) = postSolution
		{B1A92840-120A-4E8F-94B5-4DD740D90CB7}.Debug|Any CPU.ActiveCfg = Debug|Any CPU
		{B1A92840-120A-4E8F-94B5-4DD740D90CB7}.Debug|Any CPU.Build.0 = Debug|Any CPU
		{B1A92840-120A-4E8F-94B5-4DD740D90CB7}.Release|Any CPU.ActiveCfg = Release|Any CPU
		{B1A92840-120A-4E8F-94B5-4DD740D90CB7}.Release|Any CPU.Build.0 = Release|Any CPU
		{FEFB13DB-4800-4A69-B304-D273EBF109A8}.Debug|Any CPU.ActiveCfg = Debug|Any CPU
		{FEFB13DB-4800-4A69-B304-D273EBF109A8}.Debug|Any CPU.Build.0 = Debug|Any CPU
		{FEFB13DB-4800-4A69-B304-D273EBF109A8}.Release|Any CPU.ActiveCfg = Release|Any CPU
		{FEFB13DB-4800-4A69-B304-D273EBF109A8}.Release|Any CPU.Build.0 = Release|Any CPU
		{AE450887-2EC9-4CD8-92FE-80B9DDB7A41E}.Debug|Any CPU.ActiveCfg = Debug|Any CPU
		{AE450887-2EC9-4CD8-92FE-80B9DDB7A41E}.Debug|Any CPU.Build.0 = Debug|Any CPU
		{AE450887-2EC9-4CD8-92FE-80B9DDB7A41E}.Release|Any CPU.ActiveCfg = Release|Any CPU
		{AE450887-2EC9-4CD8-92FE-80B9DDB7A41E}.Release|Any CPU.Build.0 = Release|Any CPU
	EndGlobalSection
	GlobalSection(SolutionProperties) = preSolution
		HideSolutionNode = FALSE
	EndGlobalSection
	GlobalSection(ExtensibilityGlobals) = postSolution
		SolutionGuid = {B7F0104A-7239-489D-ADA8-189F2AF74C38}
	EndGlobalSection
EndGlobal
